
Microsoft Visual Studio Solution File, Format Version 12.00
# Visual Studio Version 17
VisualStudioVersion = 17.14.36301.6 d17.14
MinimumVisualStudioVersion = 10.0.40219.1
Project("{FAE04EC0-301F-11D3-BF4B-00C04F79EFBC}") = "AuthService", "AuthService.csproj", "{9D5264D7-7888-4E74-9ED2-709FCF79B79E}"
EndProject
Global
	GlobalSection(SolutionConfigurationPlatforms) = preSolution
		Debug|Any CPU = Debug|Any CPU
		Release|Any CPU = Release|Any CPU
	EndGlobalSection
	GlobalSection(ProjectConfigurationPlatforms) = postSolution
		{9D5264D7-7888-4E74-9ED2-709FCF79B79E}.Debug|Any CPU.ActiveCfg = Debug|Any CPU
		{9D5264D7-7888-4E74-9ED2-709FCF79B79E}.Debug|Any CPU.Build.0 = Debug|Any CPU
		{9D5264D7-7888-4E74-9ED2-709FCF79B79E}.Release|Any CPU.ActiveCfg = Release|Any CPU
		{9D5264D7-7888-4E74-9ED2-709FCF79B79E}.Release|Any CPU.Build.0 = Release|Any CPU
	EndGlobalSection
	GlobalSection(SolutionProperties) = preSolution
		HideSolutionNode = FALSE
	EndGlobalSection
	GlobalSection(ExtensibilityGlobals) = postSolution
		SolutionGuid = {A3C67573-D710-4505-833A-83D29E52BEC7}
	EndGlobalSection
EndGlobal
